<Solution>
  <Project Path="Invoice Management/InvoiceManagement.Web.csproj" Id="81183038-0cb3-42f1-8d8f-ed98a2b9d041" />
  <Project Path="InvoiceManagement.Application/InvoiceManagement.Application.csproj" />
  <Project Path="InvoiceManagement.Core/InvoiceManagement.Domain.csproj" />
  <Project Path="InvoiceManagement.Infrastructure (new)/InvoiceManagement.Infrastructure (new).csproj" Id="ca1fbea7-7114-4138-8985-2abd90d85b8c" />
  <Project Path="InvoiceManagement.Tests/InvoiceManagement.Tests.csproj" />
</Solution>
